
Microsoft Visual Studio Solution File, Format Version 12.00
# Visual Studio Version 16
VisualStudioVersion = 16.0.31624.102
MinimumVisualStudioVersion = 10.0.40219.1
Project("{8BC9CEB8-8B4A-11D0-8D11-00A0C91BC942}") = "Lab1Task2", "Lab1Task2\Lab1Task2.vcxproj", "{0DA8E269-C0FD-4025-97B2-9098B780F3BD}"
EndProject
Global
	GlobalSection(SolutionConfigurationPlatforms) = preSolution
		Debug|x64 = Debug|x64
		Debug|x86 = Debug|x86
		Release|x64 = Release|x64
		Release|x86 = Release|x86
	EndGlobalSection
	GlobalSection(ProjectConfigurationPlatforms) = postSolution
		{0DA8E269-C0FD-4025-97B2-9098B780F3BD}.Debug|x64.ActiveCfg = Debug|x64
		{0DA8E269-C0FD-4025-97B2-9098B780F3BD}.Debug|x64.Build.0 = Debug|x64
		{0DA8E269-C0FD-4025-97B2-9098B780F3BD}.Debug|x86.ActiveCfg = Debug|Win32
		{0DA8E269-C0FD-4025-97B2-9098B780F3BD}.Debug|x86.Build.0 = Debug|Win32
		{0DA8E269-C0FD-4025-97B2-9098B780F3BD}.Release|x64.ActiveCfg = Release|x64
		{0DA8E269-C0FD-4025-97B2-9098B780F3BD}.Release|x64.Build.0 = Release|x64
		{0DA8E269-C0FD-4025-97B2-9098B780F3BD}.Release|x86.ActiveCfg = Release|Win32
		{0DA8E269-C0FD-4025-97B2-9098B780F3BD}.Release|x86.Build.0 = Release|Win32
	EndGlobalSection
	GlobalSection(SolutionProperties) = preSolution
		HideSolutionNode = FALSE
	EndGlobalSection
	GlobalSection(ExtensibilityGlobals) = postSolution
		SolutionGuid = {F17AC2EA-4724-4FEB-8A01-5DCD4DC92F25}
	EndGlobalSection
EndGlobal
