
Microsoft Visual Studio Solution File, Format Version 12.00
# Visual Studio Version 16
VisualStudioVersion = 16.0.31624.102
MinimumVisualStudioVersion = 10.0.40219.1
Project("{8BC9CEB8-8B4A-11D0-8D11-00A0C91BC942}") = "Lab3Task2", "Lab3Task2.vcxproj", "{50A45282-C437-4C75-B823-2DF642A0FEED}"
EndProject
Global
	GlobalSection(SolutionConfigurationPlatforms) = preSolution
		Debug|x64 = Debug|x64
		Debug|x86 = Debug|x86
		Release|x64 = Release|x64
		Release|x86 = Release|x86
	EndGlobalSection
	GlobalSection(ProjectConfigurationPlatforms) = postSolution
		{50A45282-C437-4C75-B823-2DF642A0FEED}.Debug|x64.ActiveCfg = Debug|x64
		{50A45282-C437-4C75-B823-2DF642A0FEED}.Debug|x64.Build.0 = Debug|x64
		{50A45282-C437-4C75-B823-2DF642A0FEED}.Debug|x86.ActiveCfg = Debug|Win32
		{50A45282-C437-4C75-B823-2DF642A0FEED}.Debug|x86.Build.0 = Debug|Win32
		{50A45282-C437-4C75-B823-2DF642A0FEED}.Release|x64.ActiveCfg = Release|x64
		{50A45282-C437-4C75-B823-2DF642A0FEED}.Release|x64.Build.0 = Release|x64
		{50A45282-C437-4C75-B823-2DF642A0FEED}.Release|x86.ActiveCfg = Release|Win32
		{50A45282-C437-4C75-B823-2DF642A0FEED}.Release|x86.Build.0 = Release|Win32
	EndGlobalSection
	GlobalSection(SolutionProperties) = preSolution
		HideSolutionNode = FALSE
	EndGlobalSection
	GlobalSection(ExtensibilityGlobals) = postSolution
		SolutionGuid = {D9792553-BA68-4F7A-9C6A-BEEA5C2CEC3D}
	EndGlobalSection
EndGlobal
