
Microsoft Visual Studio Solution File, Format Version 12.00
# Visual Studio Version 16
VisualStudioVersion = 16.0.31624.102
MinimumVisualStudioVersion = 10.0.40219.1
Project("{8BC9CEB8-8B4A-11D0-8D11-00A0C91BC942}") = "PA1", "PA1.vcxproj", "{C96ED582-D10D-4520-9200-16DFF0266BAA}"
EndProject
Global
	GlobalSection(SolutionConfigurationPlatforms) = preSolution
		Debug|x64 = Debug|x64
		Debug|x86 = Debug|x86
		Release|x64 = Release|x64
		Release|x86 = Release|x86
	EndGlobalSection
	GlobalSection(ProjectConfigurationPlatforms) = postSolution
		{C96ED582-D10D-4520-9200-16DFF0266BAA}.Debug|x64.ActiveCfg = Debug|x64
		{C96ED582-D10D-4520-9200-16DFF0266BAA}.Debug|x64.Build.0 = Debug|x64
		{C96ED582-D10D-4520-9200-16DFF0266BAA}.Debug|x86.ActiveCfg = Debug|Win32
		{C96ED582-D10D-4520-9200-16DFF0266BAA}.Debug|x86.Build.0 = Debug|Win32
		{C96ED582-D10D-4520-9200-16DFF0266BAA}.Release|x64.ActiveCfg = Release|x64
		{C96ED582-D10D-4520-9200-16DFF0266BAA}.Release|x64.Build.0 = Release|x64
		{C96ED582-D10D-4520-9200-16DFF0266BAA}.Release|x86.ActiveCfg = Release|Win32
		{C96ED582-D10D-4520-9200-16DFF0266BAA}.Release|x86.Build.0 = Release|Win32
	EndGlobalSection
	GlobalSection(SolutionProperties) = preSolution
		HideSolutionNode = FALSE
	EndGlobalSection
	GlobalSection(ExtensibilityGlobals) = postSolution
		SolutionGuid = {E9AEE26F-1A57-479D-8E91-0595ACE2AB5C}
	EndGlobalSection
EndGlobal
